
Microsoft Visual Studio Solution File, Format Version 12.00
# Visual Studio Version 16
VisualStudioVersion = 16.0.28809.33
MinimumVisualStudioVersion = 10.0.40219.1
Project("{2150E333-8FDC-42A3-9474-1A3956D46DE8}") = "Addons", "Addons", "{37A42AEA-324B-4E08-AE63-ECFD5140DDBB}"
EndProject
Project("{9A19103F-16F7-4668-BE54-9A1E7A4F7556}") = "Fuselage", "Fuselage\Fuselage.csproj", "{7D5C1A56-E11F-4DB6-93F3-EDCADB15FBA6}"
EndProject
Project("{9A19103F-16F7-4668-BE54-9A1E7A4F7556}") = "Failsafe", "Failsafe\Failsafe.csproj", "{2EA393FD-B6B3-440C-820E-F23BE7396A87}"
EndProject
Project("{9A19103F-16F7-4668-BE54-9A1E7A4F7556}") = "Ex-077Command", "Ex-077Command\Ex-077Command.csproj", "{D39CC110-FF0E-4D91-8633-9630BD67C2F9}"
EndProject
Project("{9A19103F-16F7-4668-BE54-9A1E7A4F7556}") = "Discord.Addons.Interactive", "Addons\Discord.Addons.Interactive\Discord.Addons.Interactive.csproj", "{6C52AC9F-C55F-4E3B-A474-7DD8FB0097EB}"
EndProject
Project("{2150E333-8FDC-42A3-9474-1A3956D46DE8}") = "Services", "Services", "{C56C7038-4848-4406-982B-07534CDC255C}"
EndProject
Global
	GlobalSection(SolutionConfigurationPlatforms) = preSolution
		Debug|Any CPU = Debug|Any CPU
		Release|Any CPU = Release|Any CPU
		Description = Discord Bot in Destiny 2 world
	EndGlobalSection
	GlobalSection(ProjectConfigurationPlatforms) = postSolution
		{7D5C1A56-E11F-4DB6-93F3-EDCADB15FBA6}.Debug|Any CPU.ActiveCfg = Debug|Any CPU
		{7D5C1A56-E11F-4DB6-93F3-EDCADB15FBA6}.Debug|Any CPU.Build.0 = Debug|Any CPU
		{7D5C1A56-E11F-4DB6-93F3-EDCADB15FBA6}.Release|Any CPU.ActiveCfg = Release|Any CPU
		{7D5C1A56-E11F-4DB6-93F3-EDCADB15FBA6}.Release|Any CPU.Build.0 = Release|Any CPU
		{2EA393FD-B6B3-440C-820E-F23BE7396A87}.Debug|Any CPU.ActiveCfg = Debug|Any CPU
		{2EA393FD-B6B3-440C-820E-F23BE7396A87}.Debug|Any CPU.Build.0 = Debug|Any CPU
		{2EA393FD-B6B3-440C-820E-F23BE7396A87}.Release|Any CPU.ActiveCfg = Release|Any CPU
		{2EA393FD-B6B3-440C-820E-F23BE7396A87}.Release|Any CPU.Build.0 = Release|Any CPU
		{D39CC110-FF0E-4D91-8633-9630BD67C2F9}.Debug|Any CPU.ActiveCfg = Debug|Any CPU
		{D39CC110-FF0E-4D91-8633-9630BD67C2F9}.Debug|Any CPU.Build.0 = Debug|Any CPU
		{D39CC110-FF0E-4D91-8633-9630BD67C2F9}.Release|Any CPU.ActiveCfg = Release|Any CPU
		{D39CC110-FF0E-4D91-8633-9630BD67C2F9}.Release|Any CPU.Build.0 = Release|Any CPU
		{6C52AC9F-C55F-4E3B-A474-7DD8FB0097EB}.Debug|Any CPU.ActiveCfg = Debug|Any CPU
		{6C52AC9F-C55F-4E3B-A474-7DD8FB0097EB}.Debug|Any CPU.Build.0 = Debug|Any CPU
		{6C52AC9F-C55F-4E3B-A474-7DD8FB0097EB}.Release|Any CPU.ActiveCfg = Release|Any CPU
		{6C52AC9F-C55F-4E3B-A474-7DD8FB0097EB}.Release|Any CPU.Build.0 = Release|Any CPU
	EndGlobalSection
	GlobalSection(SolutionProperties) = preSolution
		HideSolutionNode = FALSE
	EndGlobalSection
	GlobalSection(NestedProjects) = preSolution
		{6C52AC9F-C55F-4E3B-A474-7DD8FB0097EB} = {37A42AEA-324B-4E08-AE63-ECFD5140DDBB}
	EndGlobalSection
	GlobalSection(ExtensibilityGlobals) = postSolution
		SolutionGuid = {6931ABD9-F386-4DBA-96B8-95FD43D84AA2}
	EndGlobalSection
EndGlobal
