
Microsoft Visual Studio Solution File, Format Version 12.00
# Visual Studio Version 16
VisualStudioVersion = 16.0.28809.33
MinimumVisualStudioVersion = 10.0.40219.1
Project("{9A19103F-16F7-4668-BE54-9A1E7A4F7556}") = "Neira.API", "Neira.API\Neira.API.csproj", "{955B700A-E4CB-490E-BECF-0E18FBD30932}"
EndProject
Project("{9A19103F-16F7-4668-BE54-9A1E7A4F7556}") = "Neira", "Neira\Neira.csproj", "{C5550D59-01CF-458C-A206-B29085B72054}"
EndProject
Global
	GlobalSection(SolutionConfigurationPlatforms) = preSolution
		Debug|Any CPU = Debug|Any CPU
		Release|Any CPU = Release|Any CPU
	EndGlobalSection
	GlobalSection(ProjectConfigurationPlatforms) = postSolution
		{955B700A-E4CB-490E-BECF-0E18FBD30932}.Debug|Any CPU.ActiveCfg = Debug|Any CPU
		{955B700A-E4CB-490E-BECF-0E18FBD30932}.Debug|Any CPU.Build.0 = Debug|Any CPU
		{955B700A-E4CB-490E-BECF-0E18FBD30932}.Release|Any CPU.ActiveCfg = Release|Any CPU
		{955B700A-E4CB-490E-BECF-0E18FBD30932}.Release|Any CPU.Build.0 = Release|Any CPU
		{C5550D59-01CF-458C-A206-B29085B72054}.Debug|Any CPU.ActiveCfg = Debug|Any CPU
		{C5550D59-01CF-458C-A206-B29085B72054}.Debug|Any CPU.Build.0 = Debug|Any CPU
		{C5550D59-01CF-458C-A206-B29085B72054}.Release|Any CPU.ActiveCfg = Release|Any CPU
		{C5550D59-01CF-458C-A206-B29085B72054}.Release|Any CPU.Build.0 = Release|Any CPU
	EndGlobalSection
	GlobalSection(SolutionProperties) = preSolution
		HideSolutionNode = FALSE
	EndGlobalSection
	GlobalSection(ExtensibilityGlobals) = postSolution
		SolutionGuid = {6931ABD9-F386-4DBA-96B8-95FD43D84AA2}
	EndGlobalSection
EndGlobal
