
Microsoft Visual Studio Solution File, Format Version 12.00
# Visual Studio Version 16
VisualStudioVersion = 16.0.28809.33
MinimumVisualStudioVersion = 10.0.40219.1
Project("{9A19103F-16F7-4668-BE54-9A1E7A4F7556}") = "API", "API\API.csproj", "{A9BE58D2-D896-4FFF-9B1E-2013B69683A0}"
EndProject
Project("{9A19103F-16F7-4668-BE54-9A1E7A4F7556}") = "Bot", "Bot\Bot.csproj", "{976C7105-8002-4DA3-8E14-A0FE99F2F373}"
EndProject
Project("{9A19103F-16F7-4668-BE54-9A1E7A4F7556}") = "Discord.Addons.Interactive", "Discord.Addons.Interactive\Discord.Addons.Interactive.csproj", "{FFEB5F19-5139-47E9-ADBC-172F58E072BE}"
EndProject
Project("{2150E333-8FDC-42A3-9474-1A3956D46DE8}") = "Lavalink", "Lavalink", "{3A8DAF91-8450-4111-AB87-8143245EFFF6}"
	ProjectSection(SolutionItems) = preProject
		Lavalink\application.yml = Lavalink\application.yml
		Lavalink\Lavalink.jar = Lavalink\Lavalink.jar
		Lavalink\Run.bat = Lavalink\Run.bat
	EndProjectSection
EndProject
Global
	GlobalSection(SolutionConfigurationPlatforms) = preSolution
		Debug|Any CPU = Debug|Any CPU
		Debug|x86 = Debug|x86
		Release|Any CPU = Release|Any CPU
		Release|x86 = Release|x86
	EndGlobalSection
	GlobalSection(ProjectConfigurationPlatforms) = postSolution
		{A9BE58D2-D896-4FFF-9B1E-2013B69683A0}.Debug|Any CPU.ActiveCfg = Debug|Any CPU
		{A9BE58D2-D896-4FFF-9B1E-2013B69683A0}.Debug|Any CPU.Build.0 = Debug|Any CPU
		{A9BE58D2-D896-4FFF-9B1E-2013B69683A0}.Debug|x86.ActiveCfg = Debug|Any CPU
		{A9BE58D2-D896-4FFF-9B1E-2013B69683A0}.Debug|x86.Build.0 = Debug|Any CPU
		{A9BE58D2-D896-4FFF-9B1E-2013B69683A0}.Release|Any CPU.ActiveCfg = Release|Any CPU
		{A9BE58D2-D896-4FFF-9B1E-2013B69683A0}.Release|Any CPU.Build.0 = Release|Any CPU
		{A9BE58D2-D896-4FFF-9B1E-2013B69683A0}.Release|x86.ActiveCfg = Release|Any CPU
		{A9BE58D2-D896-4FFF-9B1E-2013B69683A0}.Release|x86.Build.0 = Release|Any CPU
		{976C7105-8002-4DA3-8E14-A0FE99F2F373}.Debug|Any CPU.ActiveCfg = Debug|Any CPU
		{976C7105-8002-4DA3-8E14-A0FE99F2F373}.Debug|Any CPU.Build.0 = Debug|Any CPU
		{976C7105-8002-4DA3-8E14-A0FE99F2F373}.Debug|x86.ActiveCfg = Debug|Any CPU
		{976C7105-8002-4DA3-8E14-A0FE99F2F373}.Debug|x86.Build.0 = Debug|Any CPU
		{976C7105-8002-4DA3-8E14-A0FE99F2F373}.Release|Any CPU.ActiveCfg = Release|Any CPU
		{976C7105-8002-4DA3-8E14-A0FE99F2F373}.Release|Any CPU.Build.0 = Release|Any CPU
		{976C7105-8002-4DA3-8E14-A0FE99F2F373}.Release|x86.ActiveCfg = Release|Any CPU
		{976C7105-8002-4DA3-8E14-A0FE99F2F373}.Release|x86.Build.0 = Release|Any CPU
		{FFEB5F19-5139-47E9-ADBC-172F58E072BE}.Debug|Any CPU.ActiveCfg = Debug|Any CPU
		{FFEB5F19-5139-47E9-ADBC-172F58E072BE}.Debug|Any CPU.Build.0 = Debug|Any CPU
		{FFEB5F19-5139-47E9-ADBC-172F58E072BE}.Debug|x86.ActiveCfg = Debug|Any CPU
		{FFEB5F19-5139-47E9-ADBC-172F58E072BE}.Debug|x86.Build.0 = Debug|Any CPU
		{FFEB5F19-5139-47E9-ADBC-172F58E072BE}.Release|Any CPU.ActiveCfg = Release|Any CPU
		{FFEB5F19-5139-47E9-ADBC-172F58E072BE}.Release|Any CPU.Build.0 = Release|Any CPU
		{FFEB5F19-5139-47E9-ADBC-172F58E072BE}.Release|x86.ActiveCfg = Release|Any CPU
		{FFEB5F19-5139-47E9-ADBC-172F58E072BE}.Release|x86.Build.0 = Release|Any CPU
	EndGlobalSection
	GlobalSection(SolutionProperties) = preSolution
		HideSolutionNode = FALSE
	EndGlobalSection
	GlobalSection(ExtensibilityGlobals) = postSolution
		SolutionGuid = {6931ABD9-F386-4DBA-96B8-95FD43D84AA2}
	EndGlobalSection
EndGlobal
